PODS:
  - Flutter (1.0.0)
  - flutter_ffmpeg (0.2.5):
    - Flutter
    - mobile-ffmpeg-https (= 4.2.2)
  - mobile-ffmpeg-https (4.2.2)
  - path_provider (0.0.1):
    - Flutter

DEPENDENCIES:
  - Flutter (from `.symlinks/flutter/ios`)
  - flutter_ffmpeg (from `.symlinks/plugins/flutter_ffmpeg/ios`)
  - path_provider (from `.symlinks/plugins/path_provider/ios`)

SPEC REPOS:
  https://github.com/cocoapods/specs.git:
    - mobile-ffmpeg-https

EXTERNAL SOURCES:
  Flutter:
    :path: ".symlinks/flutter/ios"
  flutter_ffmpeg:
    :path: ".symlinks/plugins/flutter_ffmpeg/ios"
  path_provider:
    :path: ".symlinks/plugins/path_provider/ios"

SPEC CHECKSUMS:
  Flutter: 58dd7d1b27887414a370fcccb9e645c08ffd7a6a
  flutter_ffmpeg: 5da696fb4882454772ffbb49913629ba6a086b28
  mobile-ffmpeg-https: 9474e6e0958b6c12d981073d81a3b9484da02f48
  path_provider: f96fff6166a8867510d2c25fdcc346327cc4b259

PODFILE CHECKSUM: f89e2d3393e97ef827d5588a24b755fc03ebc243

COCOAPODS: 1.7.3
