PODS:
  - Flutter (1.0.0)
  - flutter_ffmpeg/full (0.2.7):
    - Flutter
    - mobile-ffmpeg-full (= 4.2.2)
  - mobile-ffmpeg-full (4.2.2)
  - path_provider (0.0.1):
    - Flutter

DEPENDENCIES:
  - Flutter (from `.symlinks/flutter/ios`)
  - flutter_ffmpeg/full (from `.symlinks/plugins/flutter_ffmpeg/ios`)
  - path_provider (from `.symlinks/plugins/path_provider/ios`)

SPEC REPOS:
  https://github.com/cocoapods/specs.git:
    - mobile-ffmpeg-full

EXTERNAL SOURCES:
  Flutter:
    :path: ".symlinks/flutter/ios"
  flutter_ffmpeg:
    :path: ".symlinks/plugins/flutter_ffmpeg/ios"
  path_provider:
    :path: ".symlinks/plugins/path_provider/ios"

SPEC CHECKSUMS:
  Flutter: 58dd7d1b27887414a370fcccb9e645c08ffd7a6a
  flutter_ffmpeg: 05ee218287a2b55a13df8f7970aab1a52094083e
  mobile-ffmpeg-full: 42f654ef799818c6b8344ffd5a63c83b53f86745
  path_provider: f96fff6166a8867510d2c25fdcc346327cc4b259

PODFILE CHECKSUM: 3c42d7d5cb11914bdcd50bd04ea49997cf3f22b5

COCOAPODS: 1.7.3
